
Microsoft Visual Studio Solution File, Format Version 12.00
# Visual Studio 14
VisualStudioVersion = 14.0.23107.0
MinimumVisualStudioVersion = 10.0.40219.1
Project("{FAE04EC0-301F-11D3-BF4B-00C04F79EFBC}") = "AdventureWorksDB", "AdventureWorksDB\AdventureWorksDB.csproj", "{100328E3-B0EF-4BB6-BCED-016CE99FBF6C}"
EndProject
Project("{FAE04EC0-301F-11D3-BF4B-00C04F79EFBC}") = "jthacker2747ex1a1", "jthacker2747ex1a1\jthacker2747ex1a1.csproj", "{D6BD9657-AB1A-41EC-A205-0620F67576DE}"
EndProject
Global
	GlobalSection(SolutionConfigurationPlatforms) = preSolution
		Debug|Any CPU = Debug|Any CPU
		Release|Any CPU = Release|Any CPU
	EndGlobalSection
	GlobalSection(ProjectConfigurationPlatforms) = postSolution
		{100328E3-B0EF-4BB6-BCED-016CE99FBF6C}.Debug|Any CPU.ActiveCfg = Debug|Any CPU
		{100328E3-B0EF-4BB6-BCED-016CE99FBF6C}.Debug|Any CPU.Build.0 = Debug|Any CPU
		{100328E3-B0EF-4BB6-BCED-016CE99FBF6C}.Release|Any CPU.ActiveCfg = Release|Any CPU
		{100328E3-B0EF-4BB6-BCED-016CE99FBF6C}.Release|Any CPU.Build.0 = Release|Any CPU
		{D6BD9657-AB1A-41EC-A205-0620F67576DE}.Debug|Any CPU.ActiveCfg = Debug|Any CPU
		{D6BD9657-AB1A-41EC-A205-0620F67576DE}.Debug|Any CPU.Build.0 = Debug|Any CPU
		{D6BD9657-AB1A-41EC-A205-0620F67576DE}.Release|Any CPU.ActiveCfg = Release|Any CPU
		{D6BD9657-AB1A-41EC-A205-0620F67576DE}.Release|Any CPU.Build.0 = Release|Any CPU
	EndGlobalSection
	GlobalSection(SolutionProperties) = preSolution
		HideSolutionNode = FALSE
	EndGlobalSection
EndGlobal
